
Microsoft Visual Studio Solution File, Format Version 12.00
# Visual Studio Version 17
VisualStudioVersion = 17.11.35222.181
MinimumVisualStudioVersion = 10.0.40219.1
Project("{FAE04EC0-301F-11D3-BF4B-00C04F79EFBC}") = "ExplicitWordMonitor", "ExplicitWordMonitor.csproj", "{0E7C88B5-F65F-4E53-A87E-0366D477D2EB}"
EndProject
Global
	GlobalSection(SolutionConfigurationPlatforms) = preSolution
		Debug|Any CPU = Debug|Any CPU
		Release|Any CPU = Release|Any CPU
	EndGlobalSection
	GlobalSection(ProjectConfigurationPlatforms) = postSolution
		{0E7C88B5-F65F-4E53-A87E-0366D477D2EB}.Debug|Any CPU.ActiveCfg = Debug|Any CPU
		{0E7C88B5-F65F-4E53-A87E-0366D477D2EB}.Debug|Any CPU.Build.0 = Debug|Any CPU
		{0E7C88B5-F65F-4E53-A87E-0366D477D2EB}.Release|Any CPU.ActiveCfg = Release|Any CPU
		{0E7C88B5-F65F-4E53-A87E-0366D477D2EB}.Release|Any CPU.Build.0 = Release|Any CPU
	EndGlobalSection
	GlobalSection(SolutionProperties) = preSolution
		HideSolutionNode = FALSE
	EndGlobalSection
	GlobalSection(ExtensibilityGlobals) = postSolution
		SolutionGuid = {33E67D28-E140-4A9C-B439-CD10F481A094}
	EndGlobalSection
EndGlobal
